
Microsoft Visual Studio Solution File, Format Version 12.00
# Visual Studio Version 17
VisualStudioVersion = 17.3.32922.545
MinimumVisualStudioVersion = 10.0.40219.1
Project("{FAE04EC0-301F-11D3-BF4B-00C04F79EFBC}") = "GameDevProject", "GameDevProject\GameDevProject.csproj", "{ECC320D2-2503-4576-86E5-376F3FAD409A}"
EndProject
Global
	GlobalSection(SolutionConfigurationPlatforms) = preSolution
		Debug|Any CPU = Debug|Any CPU
		Release|Any CPU = Release|Any CPU
	EndGlobalSection
	GlobalSection(ProjectConfigurationPlatforms) = postSolution
		{ECC320D2-2503-4576-86E5-376F3FAD409A}.Debug|Any CPU.ActiveCfg = Debug|Any CPU
		{ECC320D2-2503-4576-86E5-376F3FAD409A}.Debug|Any CPU.Build.0 = Debug|Any CPU
		{ECC320D2-2503-4576-86E5-376F3FAD409A}.Release|Any CPU.ActiveCfg = Release|Any CPU
		{ECC320D2-2503-4576-86E5-376F3FAD409A}.Release|Any CPU.Build.0 = Release|Any CPU
	EndGlobalSection
	GlobalSection(SolutionProperties) = preSolution
		HideSolutionNode = FALSE
	EndGlobalSection
	GlobalSection(ExtensibilityGlobals) = postSolution
		SolutionGuid = {F42913DA-2641-4FB9-87F7-57F294563828}
	EndGlobalSection
EndGlobal
